# This file is automatically @generated by Cargo.
# It is not intended for manual editing.
version = 4

[[package]]
name = "ferraxis"
version = "0.0.3"
dependencies = [
 "ferraxis-lexer",
 "ferraxis-source",
]

[[package]]
name = "ferraxis-diagnostics"
version = "0.0.3"
dependencies = [
 "ferraxis-span",
]

[[package]]
name = "ferraxis-diff"
version = "0.0.3"
dependencies = [
 "ferraxis-lexer",
 "ferraxis-source",
]

[[package]]
name = "ferraxis-lexer"
version = "0.0.3"
dependencies = [
 "ferraxis-source",
 "ferraxis-span",
]

[[package]]
name = "ferraxis-source"
version = "0.0.3"
dependencies = [
 "ferraxis-span",
]

[[package]]
name = "ferraxis-span"
version = "0.0.3"

[[package]]
name = "xtask"
version = "0.0.3"
